
Microsoft Visual Studio Solution File, Format Version 12.00
# Visual Studio Version 17
VisualStudioVersion = 17.14.37301.10 d17.14
MinimumVisualStudioVersion = 10.0.40219.1
Project("{FAE04EC0-301F-11D3-BF4B-00C04F79EFBC}") = "project-pro-oop-2026", "project-pro-oop-2026.csproj", "{A628AB17-7838-4680-999A-88B00521224A}"
EndProject
Global
	GlobalSection(SolutionConfigurationPlatforms) = preSolution
		Debug|Any CPU = Debug|Any CPU
		Release|Any CPU = Release|Any CPU
	EndGlobalSection
	GlobalSection(ProjectConfigurationPlatforms) = postSolution
		{A628AB17-7838-4680-999A-88B00521224A}.Debug|Any CPU.ActiveCfg = Debug|Any CPU
		{A628AB17-7838-4680-999A-88B00521224A}.Debug|Any CPU.Build.0 = Debug|Any CPU
		{A628AB17-7838-4680-999A-88B00521224A}.Release|Any CPU.ActiveCfg = Release|Any CPU
		{A628AB17-7838-4680-999A-88B00521224A}.Release|Any CPU.Build.0 = Release|Any CPU
	EndGlobalSection
	GlobalSection(SolutionProperties) = preSolution
		HideSolutionNode = FALSE
	EndGlobalSection
	GlobalSection(ExtensibilityGlobals) = postSolution
		SolutionGuid = {96D643A0-FB89-42CC-98AE-FF0395149FF1}
	EndGlobalSection
EndGlobal
